
Microsoft Visual Studio Solution File, Format Version 12.00
Project("{FAE04EC0-301F-11D3-BF4B-00C04F79EFBC}") = "InterfaceSample_1", "InterfaceSample_1\InterfaceSample_1.csproj", "{7F5B7BCE-1EF8-434F-BB98-3EB1B9EC056E}"
EndProject
Project("{FAE04EC0-301F-11D3-BF4B-00C04F79EFBC}") = "InterfaceSample_2", "InterfaceSample_2\InterfaceSample_2.csproj", "{325692F7-39DF-4F0F-90C4-43A3CD60C9AA}"
EndProject
Project("{FAE04EC0-301F-11D3-BF4B-00C04F79EFBC}") = "InterfaceSample_3", "InterfaceSample_3\InterfaceSample_3.csproj", "{6E7FB861-513F-4947-936D-58FB975C48AB}"
EndProject
Global
	GlobalSection(SolutionConfigurationPlatforms) = preSolution
		Debug|Any CPU = Debug|Any CPU
		Release|Any CPU = Release|Any CPU
	EndGlobalSection
	GlobalSection(ProjectConfigurationPlatforms) = postSolution
		{7F5B7BCE-1EF8-434F-BB98-3EB1B9EC056E}.Debug|Any CPU.ActiveCfg = Debug|Any CPU
		{7F5B7BCE-1EF8-434F-BB98-3EB1B9EC056E}.Debug|Any CPU.Build.0 = Debug|Any CPU
		{7F5B7BCE-1EF8-434F-BB98-3EB1B9EC056E}.Release|Any CPU.ActiveCfg = Release|Any CPU
		{7F5B7BCE-1EF8-434F-BB98-3EB1B9EC056E}.Release|Any CPU.Build.0 = Release|Any CPU
		{325692F7-39DF-4F0F-90C4-43A3CD60C9AA}.Debug|Any CPU.ActiveCfg = Debug|Any CPU
		{325692F7-39DF-4F0F-90C4-43A3CD60C9AA}.Debug|Any CPU.Build.0 = Debug|Any CPU
		{325692F7-39DF-4F0F-90C4-43A3CD60C9AA}.Release|Any CPU.ActiveCfg = Release|Any CPU
		{325692F7-39DF-4F0F-90C4-43A3CD60C9AA}.Release|Any CPU.Build.0 = Release|Any CPU
		{6E7FB861-513F-4947-936D-58FB975C48AB}.Debug|Any CPU.ActiveCfg = Debug|Any CPU
		{6E7FB861-513F-4947-936D-58FB975C48AB}.Debug|Any CPU.Build.0 = Debug|Any CPU
		{6E7FB861-513F-4947-936D-58FB975C48AB}.Release|Any CPU.ActiveCfg = Release|Any CPU
		{6E7FB861-513F-4947-936D-58FB975C48AB}.Release|Any CPU.Build.0 = Release|Any CPU
	EndGlobalSection
EndGlobal
