
Microsoft Visual Studio Solution File, Format Version 12.00
Project("{FAE04EC0-301F-11D3-BF4B-00C04F79EFBC}") = "InterfaceSample_1", "InterfaceSample_1\InterfaceSample_1.csproj", "{7F5B7BCE-1EF8-434F-BB98-3EB1B9EC056E}"
EndProject
Project("{FAE04EC0-301F-11D3-BF4B-00C04F79EFBC}") = "InterfaceSample_2", "InterfaceSample_2\InterfaceSample_2.csproj", "{325692F7-39DF-4F0F-90C4-43A3CD60C9AA}"
EndProject
Project("{FAE04EC0-301F-11D3-BF4B-00C04F79EFBC}") = "InterfaceSample_3", "InterfaceSample_3\InterfaceSample_3.csproj", "{6E7FB861-513F-4947-936D-58FB975C48AB}"
EndProject
Project("{FAE04EC0-301F-11D3-BF4B-00C04F79EFBC}") = "InterfaceSample_4", "InterfaceSample_4\InterfaceSample_4.csproj", "{B3B9EBE5-157D-413D-8B51-F37E13F9E49C}"
EndProject
Project("{FAE04EC0-301F-11D3-BF4B-00C04F79EFBC}") = "InterfaceSample_6", "InterfaceSample_6\InterfaceSample_6.csproj", "{E3B78853-E98F-48E4-A726-071D355EFE86}"
EndProject
Project("{FAE04EC0-301F-11D3-BF4B-00C04F79EFBC}") = "InterfaceSample_7", "InterfaceSample_7\InterfaceSample_7.csproj", "{50498BCB-6A60-4AFB-9264-E5CA70DA1AFC}"
EndProject
Project("{FAE04EC0-301F-11D3-BF4B-00C04F79EFBC}") = "InterfaceSample_8", "InterfaceSample_8\InterfaceSample_8.csproj", "{66954BF2-8AC6-42EC-829D-7F7DC2E84632}"
EndProject
Project("{FAE04EC0-301F-11D3-BF4B-00C04F79EFBC}") = "InterfaceSample_5", "InterfaceSample_5\InterfaceSample_5.csproj", "{2A122830-124F-4D83-BD98-5F60CBE8D5F3}"
EndProject
Project("{FAE04EC0-301F-11D3-BF4B-00C04F79EFBC}") = "InheritanceSample_01", "InheritanceSample_01\InheritanceSample_01.csproj", "{736F65A9-B731-4C7E-BEE4-04C0B4EA62FA}"
EndProject
Project("{FAE04EC0-301F-11D3-BF4B-00C04F79EFBC}") = "InheritanceSample_02", "InheritanceSample_02\InheritanceSample_02.csproj", "{DDE3E1E0-51EC-418B-B5FC-D97B9A308C4F}"
EndProject
Project("{FAE04EC0-301F-11D3-BF4B-00C04F79EFBC}") = "InheritanceSample_03", "InheritanceSample_03\InheritanceSample_03.csproj", "{80333357-03EC-44F1-A350-987E8F68DF69}"
EndProject
Project("{FAE04EC0-301F-11D3-BF4B-00C04F79EFBC}") = "InheritanceSample_06", "InheritanceSample_06\InheritanceSample_06.csproj", "{6D8B5144-7E8C-4947-BA0E-E87A2476C2C1}"
EndProject
Project("{FAE04EC0-301F-11D3-BF4B-00C04F79EFBC}") = "InheritanceSample_05", "InheritanceSample_05\InheritanceSample_05.csproj", "{5849E68A-35F8-4389-8B8C-DC435F117A5C}"
EndProject
Project("{FAE04EC0-301F-11D3-BF4B-00C04F79EFBC}") = "InheritanceSample_07", "InheritanceSample_07\InheritanceSample_07.csproj", "{11579DBE-EA2E-495F-A9E9-2D7DF3D31A94}"
EndProject
Project("{FAE04EC0-301F-11D3-BF4B-00C04F79EFBC}") = "InheritanceSample_08", "InheritanceSample_08\InheritanceSample_08.csproj", "{08EDFFA5-0CA7-4CD3-82F2-0D40E7D2EB1F}"
EndProject
Project("{FAE04EC0-301F-11D3-BF4B-00C04F79EFBC}") = "InheritanceSample_09", "InheritanceSample_09\InheritanceSample_09.csproj", "{0B48AB14-F2E8-4259-9272-03561CFE3AEF}"
EndProject
Project("{FAE04EC0-301F-11D3-BF4B-00C04F79EFBC}") = "InheritanceSample_10", "InheritanceSample_10\InheritanceSample_10.csproj", "{B24A18A9-DEE0-4923-B70D-01AD95EC3638}"
EndProject
Project("{FAE04EC0-301F-11D3-BF4B-00C04F79EFBC}") = "InheritanceSample_11", "InheritanceSample_11\InheritanceSample_11.csproj", "{61D097FF-2C49-4121-A371-BE3A787FF49C}"
EndProject
Project("{FAE04EC0-301F-11D3-BF4B-00C04F79EFBC}") = "TypeConvertSample_1", "TypeConvertSample_1\TypeConvertSample_1.csproj", "{62450807-DD6F-4707-9300-AE2FB8D96689}"
EndProject
Project("{FAE04EC0-301F-11D3-BF4B-00C04F79EFBC}") = "TypeConvertSample_2", "TypeConvertSample_2\TypeConvertSample_2.csproj", "{1BE06FE4-8555-42A4-9520-87639AFADF24}"
EndProject
Project("{FAE04EC0-301F-11D3-BF4B-00C04F79EFBC}") = "TypeConvertSample_3", "TypeConvertSample_3\TypeConvertSample_3.csproj", "{E27603DA-CEAB-4288-BE52-9752D4254235}"
EndProject
Project("{FAE04EC0-301F-11D3-BF4B-00C04F79EFBC}") = "TypeConvertSample_4", "TypeConvertSample_4\TypeConvertSample_4.csproj", "{72917A43-BD50-48FD-AFF2-C233A9A8E875}"
EndProject
Project("{2150E333-8FDC-42A3-9474-1A3956D46DE8}") = "Exercise", "Exercise", "{53AEB6DC-F298-4670-8D06-DA9414110B7B}"
EndProject
Project("{2150E333-8FDC-42A3-9474-1A3956D46DE8}") = "Training", "Training", "{6082961B-0106-4AAB-9168-4F7CDE052819}"
EndProject
Project("{FAE04EC0-301F-11D3-BF4B-00C04F79EFBC}") = "Exercise", "Exercise\Exercise.csproj", "{3AFB7406-3465-4BCC-B417-9C4AFE0649D9}"
EndProject
Global
	GlobalSection(SolutionConfigurationPlatforms) = preSolution
		Debug|Any CPU = Debug|Any CPU
		Release|Any CPU = Release|Any CPU
	EndGlobalSection
	GlobalSection(ProjectConfigurationPlatforms) = postSolution
		{7F5B7BCE-1EF8-434F-BB98-3EB1B9EC056E}.Debug|Any CPU.ActiveCfg = Debug|Any CPU
		{7F5B7BCE-1EF8-434F-BB98-3EB1B9EC056E}.Debug|Any CPU.Build.0 = Debug|Any CPU
		{7F5B7BCE-1EF8-434F-BB98-3EB1B9EC056E}.Release|Any CPU.ActiveCfg = Release|Any CPU
		{7F5B7BCE-1EF8-434F-BB98-3EB1B9EC056E}.Release|Any CPU.Build.0 = Release|Any CPU
		{325692F7-39DF-4F0F-90C4-43A3CD60C9AA}.Debug|Any CPU.ActiveCfg = Debug|Any CPU
		{325692F7-39DF-4F0F-90C4-43A3CD60C9AA}.Debug|Any CPU.Build.0 = Debug|Any CPU
		{325692F7-39DF-4F0F-90C4-43A3CD60C9AA}.Release|Any CPU.ActiveCfg = Release|Any CPU
		{325692F7-39DF-4F0F-90C4-43A3CD60C9AA}.Release|Any CPU.Build.0 = Release|Any CPU
		{6E7FB861-513F-4947-936D-58FB975C48AB}.Debug|Any CPU.ActiveCfg = Debug|Any CPU
		{6E7FB861-513F-4947-936D-58FB975C48AB}.Debug|Any CPU.Build.0 = Debug|Any CPU
		{6E7FB861-513F-4947-936D-58FB975C48AB}.Release|Any CPU.ActiveCfg = Release|Any CPU
		{6E7FB861-513F-4947-936D-58FB975C48AB}.Release|Any CPU.Build.0 = Release|Any CPU
		{B3B9EBE5-157D-413D-8B51-F37E13F9E49C}.Debug|Any CPU.ActiveCfg = Debug|Any CPU
		{B3B9EBE5-157D-413D-8B51-F37E13F9E49C}.Debug|Any CPU.Build.0 = Debug|Any CPU
		{B3B9EBE5-157D-413D-8B51-F37E13F9E49C}.Release|Any CPU.ActiveCfg = Release|Any CPU
		{B3B9EBE5-157D-413D-8B51-F37E13F9E49C}.Release|Any CPU.Build.0 = Release|Any CPU
		{E3B78853-E98F-48E4-A726-071D355EFE86}.Debug|Any CPU.ActiveCfg = Debug|Any CPU
		{E3B78853-E98F-48E4-A726-071D355EFE86}.Debug|Any CPU.Build.0 = Debug|Any CPU
		{E3B78853-E98F-48E4-A726-071D355EFE86}.Release|Any CPU.ActiveCfg = Release|Any CPU
		{E3B78853-E98F-48E4-A726-071D355EFE86}.Release|Any CPU.Build.0 = Release|Any CPU
		{50498BCB-6A60-4AFB-9264-E5CA70DA1AFC}.Debug|Any CPU.ActiveCfg = Debug|Any CPU
		{50498BCB-6A60-4AFB-9264-E5CA70DA1AFC}.Debug|Any CPU.Build.0 = Debug|Any CPU
		{50498BCB-6A60-4AFB-9264-E5CA70DA1AFC}.Release|Any CPU.ActiveCfg = Release|Any CPU
		{50498BCB-6A60-4AFB-9264-E5CA70DA1AFC}.Release|Any CPU.Build.0 = Release|Any CPU
		{66954BF2-8AC6-42EC-829D-7F7DC2E84632}.Debug|Any CPU.ActiveCfg = Debug|Any CPU
		{66954BF2-8AC6-42EC-829D-7F7DC2E84632}.Debug|Any CPU.Build.0 = Debug|Any CPU
		{66954BF2-8AC6-42EC-829D-7F7DC2E84632}.Release|Any CPU.ActiveCfg = Release|Any CPU
		{66954BF2-8AC6-42EC-829D-7F7DC2E84632}.Release|Any CPU.Build.0 = Release|Any CPU
		{2A122830-124F-4D83-BD98-5F60CBE8D5F3}.Debug|Any CPU.ActiveCfg = Debug|Any CPU
		{2A122830-124F-4D83-BD98-5F60CBE8D5F3}.Debug|Any CPU.Build.0 = Debug|Any CPU
		{2A122830-124F-4D83-BD98-5F60CBE8D5F3}.Release|Any CPU.ActiveCfg = Release|Any CPU
		{2A122830-124F-4D83-BD98-5F60CBE8D5F3}.Release|Any CPU.Build.0 = Release|Any CPU
		{736F65A9-B731-4C7E-BEE4-04C0B4EA62FA}.Debug|Any CPU.ActiveCfg = Debug|Any CPU
		{736F65A9-B731-4C7E-BEE4-04C0B4EA62FA}.Debug|Any CPU.Build.0 = Debug|Any CPU
		{736F65A9-B731-4C7E-BEE4-04C0B4EA62FA}.Release|Any CPU.ActiveCfg = Release|Any CPU
		{736F65A9-B731-4C7E-BEE4-04C0B4EA62FA}.Release|Any CPU.Build.0 = Release|Any CPU
		{DDE3E1E0-51EC-418B-B5FC-D97B9A308C4F}.Debug|Any CPU.ActiveCfg = Debug|Any CPU
		{DDE3E1E0-51EC-418B-B5FC-D97B9A308C4F}.Debug|Any CPU.Build.0 = Debug|Any CPU
		{DDE3E1E0-51EC-418B-B5FC-D97B9A308C4F}.Release|Any CPU.ActiveCfg = Release|Any CPU
		{DDE3E1E0-51EC-418B-B5FC-D97B9A308C4F}.Release|Any CPU.Build.0 = Release|Any CPU
		{80333357-03EC-44F1-A350-987E8F68DF69}.Debug|Any CPU.ActiveCfg = Debug|Any CPU
		{80333357-03EC-44F1-A350-987E8F68DF69}.Debug|Any CPU.Build.0 = Debug|Any CPU
		{80333357-03EC-44F1-A350-987E8F68DF69}.Release|Any CPU.ActiveCfg = Release|Any CPU
		{80333357-03EC-44F1-A350-987E8F68DF69}.Release|Any CPU.Build.0 = Release|Any CPU
		{6D8B5144-7E8C-4947-BA0E-E87A2476C2C1}.Debug|Any CPU.ActiveCfg = Debug|Any CPU
		{6D8B5144-7E8C-4947-BA0E-E87A2476C2C1}.Debug|Any CPU.Build.0 = Debug|Any CPU
		{6D8B5144-7E8C-4947-BA0E-E87A2476C2C1}.Release|Any CPU.ActiveCfg = Release|Any CPU
		{6D8B5144-7E8C-4947-BA0E-E87A2476C2C1}.Release|Any CPU.Build.0 = Release|Any CPU
		{5849E68A-35F8-4389-8B8C-DC435F117A5C}.Debug|Any CPU.ActiveCfg = Debug|Any CPU
		{5849E68A-35F8-4389-8B8C-DC435F117A5C}.Debug|Any CPU.Build.0 = Debug|Any CPU
		{5849E68A-35F8-4389-8B8C-DC435F117A5C}.Release|Any CPU.ActiveCfg = Release|Any CPU
		{5849E68A-35F8-4389-8B8C-DC435F117A5C}.Release|Any CPU.Build.0 = Release|Any CPU
		{11579DBE-EA2E-495F-A9E9-2D7DF3D31A94}.Debug|Any CPU.ActiveCfg = Debug|Any CPU
		{11579DBE-EA2E-495F-A9E9-2D7DF3D31A94}.Debug|Any CPU.Build.0 = Debug|Any CPU
		{11579DBE-EA2E-495F-A9E9-2D7DF3D31A94}.Release|Any CPU.ActiveCfg = Release|Any CPU
		{11579DBE-EA2E-495F-A9E9-2D7DF3D31A94}.Release|Any CPU.Build.0 = Release|Any CPU
		{08EDFFA5-0CA7-4CD3-82F2-0D40E7D2EB1F}.Debug|Any CPU.ActiveCfg = Debug|Any CPU
		{08EDFFA5-0CA7-4CD3-82F2-0D40E7D2EB1F}.Debug|Any CPU.Build.0 = Debug|Any CPU
		{08EDFFA5-0CA7-4CD3-82F2-0D40E7D2EB1F}.Release|Any CPU.ActiveCfg = Release|Any CPU
		{08EDFFA5-0CA7-4CD3-82F2-0D40E7D2EB1F}.Release|Any CPU.Build.0 = Release|Any CPU
		{0B48AB14-F2E8-4259-9272-03561CFE3AEF}.Debug|Any CPU.ActiveCfg = Debug|Any CPU
		{0B48AB14-F2E8-4259-9272-03561CFE3AEF}.Debug|Any CPU.Build.0 = Debug|Any CPU
		{0B48AB14-F2E8-4259-9272-03561CFE3AEF}.Release|Any CPU.ActiveCfg = Release|Any CPU
		{0B48AB14-F2E8-4259-9272-03561CFE3AEF}.Release|Any CPU.Build.0 = Release|Any CPU
		{B24A18A9-DEE0-4923-B70D-01AD95EC3638}.Debug|Any CPU.ActiveCfg = Debug|Any CPU
		{B24A18A9-DEE0-4923-B70D-01AD95EC3638}.Debug|Any CPU.Build.0 = Debug|Any CPU
		{B24A18A9-DEE0-4923-B70D-01AD95EC3638}.Release|Any CPU.ActiveCfg = Release|Any CPU
		{B24A18A9-DEE0-4923-B70D-01AD95EC3638}.Release|Any CPU.Build.0 = Release|Any CPU
		{61D097FF-2C49-4121-A371-BE3A787FF49C}.Debug|Any CPU.ActiveCfg = Debug|Any CPU
		{61D097FF-2C49-4121-A371-BE3A787FF49C}.Debug|Any CPU.Build.0 = Debug|Any CPU
		{61D097FF-2C49-4121-A371-BE3A787FF49C}.Release|Any CPU.ActiveCfg = Release|Any CPU
		{61D097FF-2C49-4121-A371-BE3A787FF49C}.Release|Any CPU.Build.0 = Release|Any CPU
		{62450807-DD6F-4707-9300-AE2FB8D96689}.Debug|Any CPU.ActiveCfg = Debug|Any CPU
		{62450807-DD6F-4707-9300-AE2FB8D96689}.Debug|Any CPU.Build.0 = Debug|Any CPU
		{62450807-DD6F-4707-9300-AE2FB8D96689}.Release|Any CPU.ActiveCfg = Release|Any CPU
		{62450807-DD6F-4707-9300-AE2FB8D96689}.Release|Any CPU.Build.0 = Release|Any CPU
		{1BE06FE4-8555-42A4-9520-87639AFADF24}.Debug|Any CPU.ActiveCfg = Debug|Any CPU
		{1BE06FE4-8555-42A4-9520-87639AFADF24}.Debug|Any CPU.Build.0 = Debug|Any CPU
		{1BE06FE4-8555-42A4-9520-87639AFADF24}.Release|Any CPU.ActiveCfg = Release|Any CPU
		{1BE06FE4-8555-42A4-9520-87639AFADF24}.Release|Any CPU.Build.0 = Release|Any CPU
		{E27603DA-CEAB-4288-BE52-9752D4254235}.Debug|Any CPU.ActiveCfg = Debug|Any CPU
		{E27603DA-CEAB-4288-BE52-9752D4254235}.Debug|Any CPU.Build.0 = Debug|Any CPU
		{E27603DA-CEAB-4288-BE52-9752D4254235}.Release|Any CPU.ActiveCfg = Release|Any CPU
		{E27603DA-CEAB-4288-BE52-9752D4254235}.Release|Any CPU.Build.0 = Release|Any CPU
		{72917A43-BD50-48FD-AFF2-C233A9A8E875}.Debug|Any CPU.ActiveCfg = Debug|Any CPU
		{72917A43-BD50-48FD-AFF2-C233A9A8E875}.Debug|Any CPU.Build.0 = Debug|Any CPU
		{72917A43-BD50-48FD-AFF2-C233A9A8E875}.Release|Any CPU.ActiveCfg = Release|Any CPU
		{72917A43-BD50-48FD-AFF2-C233A9A8E875}.Release|Any CPU.Build.0 = Release|Any CPU
		{3AFB7406-3465-4BCC-B417-9C4AFE0649D9}.Debug|Any CPU.ActiveCfg = Debug|Any CPU
		{3AFB7406-3465-4BCC-B417-9C4AFE0649D9}.Debug|Any CPU.Build.0 = Debug|Any CPU
		{3AFB7406-3465-4BCC-B417-9C4AFE0649D9}.Release|Any CPU.ActiveCfg = Release|Any CPU
		{3AFB7406-3465-4BCC-B417-9C4AFE0649D9}.Release|Any CPU.Build.0 = Release|Any CPU
	EndGlobalSection
	GlobalSection(NestedProjects) = preSolution
		{736F65A9-B731-4C7E-BEE4-04C0B4EA62FA} = {6082961B-0106-4AAB-9168-4F7CDE052819}
		{DDE3E1E0-51EC-418B-B5FC-D97B9A308C4F} = {6082961B-0106-4AAB-9168-4F7CDE052819}
		{80333357-03EC-44F1-A350-987E8F68DF69} = {6082961B-0106-4AAB-9168-4F7CDE052819}
		{5849E68A-35F8-4389-8B8C-DC435F117A5C} = {6082961B-0106-4AAB-9168-4F7CDE052819}
		{6D8B5144-7E8C-4947-BA0E-E87A2476C2C1} = {6082961B-0106-4AAB-9168-4F7CDE052819}
		{11579DBE-EA2E-495F-A9E9-2D7DF3D31A94} = {6082961B-0106-4AAB-9168-4F7CDE052819}
		{08EDFFA5-0CA7-4CD3-82F2-0D40E7D2EB1F} = {6082961B-0106-4AAB-9168-4F7CDE052819}
		{0B48AB14-F2E8-4259-9272-03561CFE3AEF} = {6082961B-0106-4AAB-9168-4F7CDE052819}
		{B24A18A9-DEE0-4923-B70D-01AD95EC3638} = {6082961B-0106-4AAB-9168-4F7CDE052819}
		{61D097FF-2C49-4121-A371-BE3A787FF49C} = {6082961B-0106-4AAB-9168-4F7CDE052819}
		{7F5B7BCE-1EF8-434F-BB98-3EB1B9EC056E} = {6082961B-0106-4AAB-9168-4F7CDE052819}
		{325692F7-39DF-4F0F-90C4-43A3CD60C9AA} = {6082961B-0106-4AAB-9168-4F7CDE052819}
		{6E7FB861-513F-4947-936D-58FB975C48AB} = {6082961B-0106-4AAB-9168-4F7CDE052819}
		{B3B9EBE5-157D-413D-8B51-F37E13F9E49C} = {6082961B-0106-4AAB-9168-4F7CDE052819}
		{2A122830-124F-4D83-BD98-5F60CBE8D5F3} = {6082961B-0106-4AAB-9168-4F7CDE052819}
		{E3B78853-E98F-48E4-A726-071D355EFE86} = {6082961B-0106-4AAB-9168-4F7CDE052819}
		{50498BCB-6A60-4AFB-9264-E5CA70DA1AFC} = {6082961B-0106-4AAB-9168-4F7CDE052819}
		{66954BF2-8AC6-42EC-829D-7F7DC2E84632} = {6082961B-0106-4AAB-9168-4F7CDE052819}
		{62450807-DD6F-4707-9300-AE2FB8D96689} = {6082961B-0106-4AAB-9168-4F7CDE052819}
		{1BE06FE4-8555-42A4-9520-87639AFADF24} = {6082961B-0106-4AAB-9168-4F7CDE052819}
		{E27603DA-CEAB-4288-BE52-9752D4254235} = {6082961B-0106-4AAB-9168-4F7CDE052819}
		{72917A43-BD50-48FD-AFF2-C233A9A8E875} = {6082961B-0106-4AAB-9168-4F7CDE052819}
		{3AFB7406-3465-4BCC-B417-9C4AFE0649D9} = {53AEB6DC-F298-4670-8D06-DA9414110B7B}
	EndGlobalSection
EndGlobal
